
Microsoft Visual Studio Solution File, Format Version 12.00
# Visual Studio Version 17
VisualStudioVersion = 17.1.32210.238
MinimumVisualStudioVersion = 10.0.40219.1
Project("{2150E333-8FDC-42A3-9474-1A3956D46DE8}") = "src", "src", "{FAD2778D-1372-4FA7-9FE4-15C3264157D1}"
EndProject
Project("{9A19103F-16F7-4668-BE54-9A1E7A4F7556}") = "CTA.BlazorWasm.Server", "CTA.BlazorWasm\Server\CTA.BlazorWasm.Server.csproj", "{3164C3DD-8BC5-4AB5-B0DC-13E55A3F7E29}"
EndProject
Project("{9A19103F-16F7-4668-BE54-9A1E7A4F7556}") = "CTA.BlazorWasm.Client", "CTA.BlazorWasm\Client\CTA.BlazorWasm.Client.csproj", "{16BC7551-DDDE-47D0-8E87-759E5337ACE2}"
EndProject
Project("{9A19103F-16F7-4668-BE54-9A1E7A4F7556}") = "CTA.BlazorWasm.Shared", "CTA.BlazorWasm\Shared\CTA.BlazorWasm.Shared.csproj", "{0DBFC8EF-658F-43F0-8F1D-060C8F94895D}"
EndProject
Global
	GlobalSection(SolutionConfigurationPlatforms) = preSolution
		Debug|Any CPU = Debug|Any CPU
		Release|Any CPU = Release|Any CPU
	EndGlobalSection
	GlobalSection(ProjectConfigurationPlatforms) = postSolution
		{3164C3DD-8BC5-4AB5-B0DC-13E55A3F7E29}.Debug|Any CPU.ActiveCfg = Debug|Any CPU
		{3164C3DD-8BC5-4AB5-B0DC-13E55A3F7E29}.Debug|Any CPU.Build.0 = Debug|Any CPU
		{3164C3DD-8BC5-4AB5-B0DC-13E55A3F7E29}.Release|Any CPU.ActiveCfg = Release|Any CPU
		{3164C3DD-8BC5-4AB5-B0DC-13E55A3F7E29}.Release|Any CPU.Build.0 = Release|Any CPU
		{16BC7551-DDDE-47D0-8E87-759E5337ACE2}.Debug|Any CPU.ActiveCfg = Debug|Any CPU
		{16BC7551-DDDE-47D0-8E87-759E5337ACE2}.Debug|Any CPU.Build.0 = Debug|Any CPU
		{16BC7551-DDDE-47D0-8E87-759E5337ACE2}.Release|Any CPU.ActiveCfg = Release|Any CPU
		{16BC7551-DDDE-47D0-8E87-759E5337ACE2}.Release|Any CPU.Build.0 = Release|Any CPU
		{0DBFC8EF-658F-43F0-8F1D-060C8F94895D}.Debug|Any CPU.ActiveCfg = Debug|Any CPU
		{0DBFC8EF-658F-43F0-8F1D-060C8F94895D}.Debug|Any CPU.Build.0 = Debug|Any CPU
		{0DBFC8EF-658F-43F0-8F1D-060C8F94895D}.Release|Any CPU.ActiveCfg = Release|Any CPU
		{0DBFC8EF-658F-43F0-8F1D-060C8F94895D}.Release|Any CPU.Build.0 = Release|Any CPU
	EndGlobalSection
	GlobalSection(SolutionProperties) = preSolution
		HideSolutionNode = FALSE
	EndGlobalSection
	GlobalSection(NestedProjects) = preSolution
		{3164C3DD-8BC5-4AB5-B0DC-13E55A3F7E29} = {FAD2778D-1372-4FA7-9FE4-15C3264157D1}
		{16BC7551-DDDE-47D0-8E87-759E5337ACE2} = {FAD2778D-1372-4FA7-9FE4-15C3264157D1}
		{0DBFC8EF-658F-43F0-8F1D-060C8F94895D} = {FAD2778D-1372-4FA7-9FE4-15C3264157D1}
	EndGlobalSection
	GlobalSection(ExtensibilityGlobals) = postSolution
		SolutionGuid = {39F97B68-2AB0-450D-885A-C160213FA926}
	EndGlobalSection
EndGlobal
